{
  "nodes": {
    "lpm": {
      "inputs": {
        "nixpkgs": [
          "nixpkgs"
        ]
      },
      "locked": {
        "lastModified": 1774437497,
        "narHash": "sha256-yc28aNg/uK7SCyfA9MpMKBRaRBxwVNZlLVjt0BG5LPo=",
        "owner": "Silzinc",
        "repo": "lpm-nix",
        "rev": "05bc422ea0d3e64ccffaa7652cc3483352fa8f18",
        "type": "github"
      },
      "original": {
        "owner": "Silzinc",
        "ref": "nightly",
        "repo": "lpm-nix",
        "type": "github"
      }
    },
    "nixpkgs": {
      "locked": {
        "lastModified": 1773814637,
        "narHash": "sha256-GNU+ooRmrHLfjlMsKdn0prEKVa0faVanm0jrgu1J/gY=",
        "owner": "NixOS",
        "repo": "nixpkgs",
        "rev": "fea3b367d61c1a6592bc47c72f40a9f3e6a53e96",
        "type": "github"
      },
      "original": {
        "owner": "NixOS",
        "ref": "nixos-25.11",
        "repo": "nixpkgs",
        "type": "github"
      }
    },
    "root": {
      "inputs": {
        "lpm": "lpm",
        "nixpkgs": "nixpkgs"
      }
    }
  },
  "root": "root",
  "version": 7
}
